// !$*UTF8*$!
{
	archiveVersion = 1;
	classes = {
	};
	objectVersion = 51;
	objects = {

/* Begin PBXBuildFile section */
		0908B37CB3DBC74347C45665 /* Pods_pruebaHiberus.framework in Frameworks */ = {isa = PBXBuildFile; fileRef = BEA2862F80DE0BCA66B23CC9 /* Pods_pruebaHiberus.framework */; };
		1328469E266736EC0064DC8E /* ClientApiRest.swift in Sources */ = {isa = PBXBuildFile; fileRef = 1328469D266736EC0064DC8E /* ClientApiRest.swift */; };
		132846A426673A860064DC8E /* HTTPStatusCodes.swift in Sources */ = {isa = PBXBuildFile; fileRef = 132846A326673A860064DC8E /* HTTPStatusCodes.swift */; };
		132846A726673A980064DC8E /* ErrorUtil.swift in Sources */ = {isa = PBXBuildFile; fileRef = 132846A626673A980064DC8E /* ErrorUtil.swift */; };
		132846AB26673D2B0064DC8E /* CardResponse.swift in Sources */ = {isa = PBXBuildFile; fileRef = 132846AA26673D2B0064DC8E /* CardResponse.swift */; };
		132846AE26673E5C0064DC8E /* StringResource.swift in Sources */ = {isa = PBXBuildFile; fileRef = 132846AD26673E5C0064DC8E /* StringResource.swift */; };
		132846B5266740AF0064DC8E /* CardListService.swift in Sources */ = {isa = PBXBuildFile; fileRef = 132846B4266740AF0064DC8E /* CardListService.swift */; };
		132846B8266745010064DC8E /* JsonUtil.swift in Sources */ = {isa = PBXBuildFile; fileRef = 132846B7266745010064DC8E /* JsonUtil.swift */; };
		134733EF26672CCF00290B88 /* ItemListController.swift in Sources */ = {isa = PBXBuildFile; fileRef = 134733EE26672CCF00290B88 /* ItemListController.swift */; };
		134733F326672CF800290B88 /* ItemList.storyboard in Resources */ = {isa = PBXBuildFile; fileRef = 134733F226672CF800290B88 /* ItemList.storyboard */; };
		13732509266874AE00667062 /* CardCell.swift in Sources */ = {isa = PBXBuildFile; fileRef = 13732507266874AE00667062 /* CardCell.swift */; };
		1373250A266874AE00667062 /* CardCell.xib in Resources */ = {isa = PBXBuildFile; fileRef = 13732508266874AE00667062 /* CardCell.xib */; };
		1373251326687F4400667062 /* Extension.swift in Sources */ = {isa = PBXBuildFile; fileRef = 1373251226687F4400667062 /* Extension.swift */; };
		137325192668864200667062 /* DetailController.swift in Sources */ = {isa = PBXBuildFile; fileRef = 137325182668864200667062 /* DetailController.swift */; };
		1373251C2668873000667062 /* Detail.xib in Resources */ = {isa = PBXBuildFile; fileRef = 1373251B2668873000667062 /* Detail.xib */; };
		13756D20266718B3005EEFCF /* AppDelegate.swift in Sources */ = {isa = PBXBuildFile; fileRef = 13756D1F266718B3005EEFCF /* AppDelegate.swift */; };
		13756D24266718B3005EEFCF /* MainController.swift in Sources */ = {isa = PBXBuildFile; fileRef = 13756D23266718B3005EEFCF /* MainController.swift */; };
		13756D27266718B3005EEFCF /* Main.storyboard in Resources */ = {isa = PBXBuildFile; fileRef = 13756D25266718B3005EEFCF /* Main.storyboard */; };
		13756D29266718B5005EEFCF /* Assets.xcassets in Resources */ = {isa = PBXBuildFile; fileRef = 13756D28266718B5005EEFCF /* Assets.xcassets */; };
		13756D2C266718B5005EEFCF /* LaunchScreen.storyboard in Resources */ = {isa = PBXBuildFile; fileRef = 13756D2A266718B5005EEFCF /* LaunchScreen.storyboard */; };
/* End PBXBuildFile section */

/* Begin PBXFileReference section */
		034819CBECFEE8E389655C6C /* Pods-pruebaHiberus.release.xcconfig */ = {isa = PBXFileReference; includeInIndex = 1; lastKnownFileType = text.xcconfig; name = "Pods-pruebaHiberus.release.xcconfig"; path = "Target Support Files/Pods-pruebaHiberus/Pods-pruebaHiberus.release.xcconfig"; sourceTree = "<group>"; };
		1328469D266736EC0064DC8E /* ClientApiRest.swift */ = {isa = PBXFileReference; lastKnownFileType = sourcecode.swift; path = ClientApiRest.swift; sourceTree = "<group>"; };
		132846A326673A860064DC8E /* HTTPStatusCodes.swift */ = {isa = PBXFileReference; fileEncoding = 4; lastKnownFileType = sourcecode.swift; path = HTTPStatusCodes.swift; sourceTree = "<group>"; };
		132846A626673A980064DC8E /* ErrorUtil.swift */ = {isa = PBXFileReference; fileEncoding = 4; lastKnownFileType = sourcecode.swift; path = ErrorUtil.swift; sourceTree = "<group>"; };
		132846AA26673D2B0064DC8E /* CardResponse.swift */ = {isa = PBXFileReference; lastKnownFileType = sourcecode.swift; path = CardResponse.swift; sourceTree = "<group>"; };
		132846AD26673E5C0064DC8E /* StringResource.swift */ = {isa = PBXFileReference; fileEncoding = 4; lastKnownFileType = sourcecode.swift; path = StringResource.swift; sourceTree = "<group>"; };
		132846B4266740AF0064DC8E /* CardListService.swift */ = {isa = PBXFileReference; lastKnownFileType = sourcecode.swift; path = CardListService.swift; sourceTree = "<group>"; };
		132846B7266745010064DC8E /* JsonUtil.swift */ = {isa = PBXFileReference; fileEncoding = 4; lastKnownFileType = sourcecode.swift; path = JsonUtil.swift; sourceTree = "<group>"; };
		134733EE26672CCF00290B88 /* ItemListController.swift */ = {isa = PBXFileReference; lastKnownFileType = sourcecode.swift; path = ItemListController.swift; sourceTree = "<group>"; };
		134733F226672CF800290B88 /* ItemList.storyboard */ = {isa = PBXFileReference; lastKnownFileType = file.storyboard; path = ItemList.storyboard; sourceTree = "<group>"; };
		13732507266874AE00667062 /* CardCell.swift */ = {isa = PBXFileReference; lastKnownFileType = sourcecode.swift; path = CardCell.swift; sourceTree = "<group>"; };
		13732508266874AE00667062 /* CardCell.xib */ = {isa = PBXFileReference; lastKnownFileType = file.xib; path = CardCell.xib; sourceTree = "<group>"; };
		1373251226687F4400667062 /* Extension.swift */ = {isa = PBXFileReference; lastKnownFileType = sourcecode.swift; path = Extension.swift; sourceTree = "<group>"; };
		137325182668864200667062 /* DetailController.swift */ = {isa = PBXFileReference; lastKnownFileType = sourcecode.swift; path = DetailController.swift; sourceTree = "<group>"; };
		1373251B2668873000667062 /* Detail.xib */ = {isa = PBXFileReference; lastKnownFileType = file.xib; path = Detail.xib; sourceTree = "<group>"; };
		13756D1C266718B3005EEFCF /* pruebaHiberus.app */ = {isa = PBXFileReference; explicitFileType = wrapper.application; includeInIndex = 0; path = pruebaHiberus.app; sourceTree = BUILT_PRODUCTS_DIR; };
		13756D1F266718B3005EEFCF /* AppDelegate.swift */ = {isa = PBXFileReference; lastKnownFileType = sourcecode.swift; path = AppDelegate.swift; sourceTree = "<group>"; };
		13756D23266718B3005EEFCF /* MainController.swift */ = {isa = PBXFileReference; lastKnownFileType = sourcecode.swift; path = MainController.swift; sourceTree = "<group>"; };
		13756D26266718B3005EEFCF /* Base */ = {isa = PBXFileReference; lastKnownFileType = file.storyboard; name = Base; path = Base.lproj/Main.storyboard; sourceTree = "<group>"; };
		13756D28266718B5005EEFCF /* Assets.xcassets */ = {isa = PBXFileReference; lastKnownFileType = folder.assetcatalog; path = Assets.xcassets; sourceTree = "<group>"; };
		13756D2B266718B5005EEFCF /* Base */ = {isa = PBXFileReference; lastKnownFileType = file.storyboard; name = Base; path = Base.lproj/LaunchScreen.storyboard; sourceTree = "<group>"; };
		13756D2D266718B5005EEFCF /* Info.plist */ = {isa = PBXFileReference; lastKnownFileType = text.plist.xml; path = Info.plist; sourceTree = "<group>"; };
		BA11FC3E8A7AE219D4FCB4E0 /* Pods-pruebaHiberus.debug.xcconfig */ = {isa = PBXFileReference; includeInIndex = 1; lastKnownFileType = text.xcconfig; name = "Pods-pruebaHiberus.debug.xcconfig"; path = "Target Support Files/Pods-pruebaHiberus/Pods-pruebaHiberus.debug.xcconfig"; sourceTree = "<group>"; };
		BEA2862F80DE0BCA66B23CC9 /* Pods_pruebaHiberus.framework */ = {isa = PBXFileReference; explicitFileType = wrapper.framework; includeInIndex = 0; path = Pods_pruebaHiberus.framework; sourceTree = BUILT_PRODUCTS_DIR; };
/* End PBXFileReference section */

/* Begin PBXFrameworksBuildPhase section */
		13756D19266718B3005EEFCF /* Frameworks */ = {
			isa = PBXFrameworksBuildPhase;
			buildActionMask = 2147483647;
			files = (
				0908B37CB3DBC74347C45665 /* Pods_pruebaHiberus.framework in Frameworks */,
			);
			runOnlyForDeploymentPostprocessing = 0;
		};
/* End PBXFrameworksBuildPhase section */

/* Begin PBXGroup section */
		08A078868340C5DB5357515D /* Pods */ = {
			isa = PBXGroup;
			children = (
				BA11FC3E8A7AE219D4FCB4E0 /* Pods-pruebaHiberus.debug.xcconfig */,
				034819CBECFEE8E389655C6C /* Pods-pruebaHiberus.release.xcconfig */,
			);
			path = Pods;
			sourceTree = "<group>";
		};
		132846A1266739D70064DC8E /* Util */ = {
			isa = PBXGroup;
			children = (
				132846B7266745010064DC8E /* JsonUtil.swift */,
				132846A626673A980064DC8E /* ErrorUtil.swift */,
				1373251226687F4400667062 /* Extension.swift */,
				132846A2266739E80064DC8E /* Constant */,
			);
			path = Util;
			sourceTree = "<group>";
		};
		132846A2266739E80064DC8E /* Constant */ = {
			isa = PBXGroup;
			children = (
				132846A326673A860064DC8E /* HTTPStatusCodes.swift */,
				132846AD26673E5C0064DC8E /* StringResource.swift */,
			);
			path = Constant;
			sourceTree = "<group>";
		};
		132846A926673CFA0064DC8E /* Response */ = {
			isa = PBXGroup;
			children = (
				132846AA26673D2B0064DC8E /* CardResponse.swift */,
			);
			path = Response;
			sourceTree = "<group>";
		};
		132846B32667406B0064DC8E /* Service */ = {
			isa = PBXGroup;
			children = (
				132846B4266740AF0064DC8E /* CardListService.swift */,
			);
			path = Service;
			sourceTree = "<group>";
		};
		134733E926672AEC00290B88 /* Presentation */ = {
			isa = PBXGroup;
			children = (
				137325062668748000667062 /* Cell */,
				13756D25266718B3005EEFCF /* Main.storyboard */,
				134733F226672CF800290B88 /* ItemList.storyboard */,
				1373251B2668873000667062 /* Detail.xib */,
			);
			path = Presentation;
			sourceTree = "<group>";
		};
		134733EB26672B2600290B88 /* Controller */ = {
			isa = PBXGroup;
			children = (
				13756D23266718B3005EEFCF /* MainController.swift */,
				134733EE26672CCF00290B88 /* ItemListController.swift */,
				137325182668864200667062 /* DetailController.swift */,
			);
			path = Controller;
			sourceTree = "<group>";
		};
		134733EC26672B3100290B88 /* Data */ = {
			isa = PBXGroup;
			children = (
				134733FC2667338200290B88 /* ApiRest */,
				132846A926673CFA0064DC8E /* Response */,
			);
			path = Data;
			sourceTree = "<group>";
		};
		134733FC2667338200290B88 /* ApiRest */ = {
			isa = PBXGroup;
			children = (
				1328469D266736EC0064DC8E /* ClientApiRest.swift */,
			);
			path = ApiRest;
			sourceTree = "<group>";
		};
		137325062668748000667062 /* Cell */ = {
			isa = PBXGroup;
			children = (
				13732507266874AE00667062 /* CardCell.swift */,
				13732508266874AE00667062 /* CardCell.xib */,
			);
			path = Cell;
			sourceTree = "<group>";
		};
		13756D13266718B3005EEFCF = {
			isa = PBXGroup;
			children = (
				13756D1E266718B3005EEFCF /* pruebaHiberus */,
				13756D1D266718B3005EEFCF /* Products */,
				08A078868340C5DB5357515D /* Pods */,
				BD00731C235D56828CB47DD8 /* Frameworks */,
			);
			sourceTree = "<group>";
		};
		13756D1D266718B3005EEFCF /* Products */ = {
			isa = PBXGroup;
			children = (
				13756D1C266718B3005EEFCF /* pruebaHiberus.app */,
			);
			name = Products;
			sourceTree = "<group>";
		};
		13756D1E266718B3005EEFCF /* pruebaHiberus */ = {
			isa = PBXGroup;
			children = (
				132846A1266739D70064DC8E /* Util */,
				132846B32667406B0064DC8E /* Service */,
				134733EC26672B3100290B88 /* Data */,
				134733EB26672B2600290B88 /* Controller */,
				134733E926672AEC00290B88 /* Presentation */,
				13756D1F266718B3005EEFCF /* AppDelegate.swift */,
				13756D28266718B5005EEFCF /* Assets.xcassets */,
				13756D2A266718B5005EEFCF /* LaunchScreen.storyboard */,
				13756D2D266718B5005EEFCF /* Info.plist */,
			);
			path = pruebaHiberus;
			sourceTree = "<group>";
		};
		BD00731C235D56828CB47DD8 /* Frameworks */ = {
			isa = PBXGroup;
			children = (
				BEA2862F80DE0BCA66B23CC9 /* Pods_pruebaHiberus.framework */,
			);
			name = Frameworks;
			sourceTree = "<group>";
		};
/* End PBXGroup section */

/* Begin PBXNativeTarget section */
		13756D1B266718B3005EEFCF /* pruebaHiberus */ = {
			isa = PBXNativeTarget;
			buildConfigurationList = 13756D30266718B5005EEFCF /* Build configuration list for PBXNativeTarget "pruebaHiberus" */;
			buildPhases = (
				6651A4B4D7901A43AE0C7B0E /* [CP] Check Pods Manifest.lock */,
				13756D18266718B3005EEFCF /* Sources */,
				13756D19266718B3005EEFCF /* Frameworks */,
				13756D1A266718B3005EEFCF /* Resources */,
				B7F6B938D4CFC23787BEC34E /* [CP] Embed Pods Frameworks */,
			);
			buildRules = (
			);
			dependencies = (
			);
			name = pruebaHiberus;
			productName = pruebaHiberus;
			productReference = 13756D1C266718B3005EEFCF /* pruebaHiberus.app */;
			productType = "com.apple.product-type.application";
		};
/* End PBXNativeTarget section */

/* Begin PBXProject section */
		13756D14266718B3005EEFCF /* Project object */ = {
			isa = PBXProject;
			attributes = {
				LastSwiftUpdateCheck = 1240;
				LastUpgradeCheck = 1240;
				TargetAttributes = {
					13756D1B266718B3005EEFCF = {
						CreatedOnToolsVersion = 12.4;
					};
				};
			};
			buildConfigurationList = 13756D17266718B3005EEFCF /* Build configuration list for PBXProject "pruebaHiberus" */;
			compatibilityVersion = "Xcode 9.3";
			developmentRegion = en;
			hasScannedForEncodings = 0;
			knownRegions = (
				en,
				Base,
			);
			mainGroup = 13756D13266718B3005EEFCF;
			productRefGroup = 13756D1D266718B3005EEFCF /* Products */;
			projectDirPath = "";
			projectRoot = "";
			targets = (
				13756D1B266718B3005EEFCF /* pruebaHiberus */,
			);
		};
/* End PBXProject section */

/* Begin PBXResourcesBuildPhase section */
		13756D1A266718B3005EEFCF /* Resources */ = {
			isa = PBXResourcesBuildPhase;
			buildActionMask = 2147483647;
			files = (
				13756D2C266718B5005EEFCF /* LaunchScreen.storyboard in Resources */,
				134733F326672CF800290B88 /* ItemList.storyboard in Resources */,
				1373250A266874AE00667062 /* CardCell.xib in Resources */,
				13756D29266718B5005EEFCF /* Assets.xcassets in Resources */,
				1373251C2668873000667062 /* Detail.xib in Resources */,
				13756D27266718B3005EEFCF /* Main.storyboard in Resources */,
			);
			runOnlyForDeploymentPostprocessing = 0;
		};
/* End PBXResourcesBuildPhase section */

/* Begin PBXShellScriptBuildPhase section */
		6651A4B4D7901A43AE0C7B0E /* [CP] Check Pods Manifest.lock */ = {
			isa = PBXShellScriptBuildPhase;
			buildActionMask = 2147483647;
			files = (
			);
			inputFileListPaths = (
			);
			inputPaths = (
				"${PODS_PODFILE_DIR_PATH}/Podfile.lock",
				"${PODS_ROOT}/Manifest.lock",
			);
			name = "[CP] Check Pods Manifest.lock";
			outputFileListPaths = (
			);
			outputPaths = (
				"$(DERIVED_FILE_DIR)/Pods-pruebaHiberus-checkManifestLockResult.txt",
			);
			runOnlyForDeploymentPostprocessing = 0;
			shellPath = /bin/sh;
			shellScript = "diff \"${PODS_PODFILE_DIR_PATH}/Podfile.lock\" \"${PODS_ROOT}/Manifest.lock\" > /dev/null\nif [ $? != 0 ] ; then\n    # print error to STDERR\n    echo \"error: The sandbox is not in sync with the Podfile.lock. Run 'pod install' or update your CocoaPods installation.\" >&2\n    exit 1\nfi\n# This output is used by Xcode 'outputs' to avoid re-running this script phase.\necho \"SUCCESS\" > \"${SCRIPT_OUTPUT_FILE_0}\"\n";
			showEnvVarsInLog = 0;
		};
		B7F6B938D4CFC23787BEC34E /* [CP] Embed Pods Frameworks */ = {
			isa = PBXShellScriptBuildPhase;
			buildActionMask = 2147483647;
			files = (
			);
			inputFileListPaths = (
				"${PODS_ROOT}/Target Support Files/Pods-pruebaHiberus/Pods-pruebaHiberus-frameworks-${CONFIGURATION}-input-files.xcfilelist",
			);
			name = "[CP] Embed Pods Frameworks";
			outputFileListPaths = (
				"${PODS_ROOT}/Target Support Files/Pods-pruebaHiberus/Pods-pruebaHiberus-frameworks-${CONFIGURATION}-output-files.xcfilelist",
			);
			runOnlyForDeploymentPostprocessing = 0;
			shellPath = /bin/sh;
			shellScript = "\"${PODS_ROOT}/Target Support Files/Pods-pruebaHiberus/Pods-pruebaHiberus-frameworks.sh\"\n";
			showEnvVarsInLog = 0;
		};
/* End PBXShellScriptBuildPhase section */

/* Begin PBXSourcesBuildPhase section */
		13756D18266718B3005EEFCF /* Sources */ = {
			isa = PBXSourcesBuildPhase;
			buildActionMask = 2147483647;
			files = (
				132846A726673A980064DC8E /* ErrorUtil.swift in Sources */,
				132846A426673A860064DC8E /* HTTPStatusCodes.swift in Sources */,
				132846AB26673D2B0064DC8E /* CardResponse.swift in Sources */,
				1373251326687F4400667062 /* Extension.swift in Sources */,
				13756D24266718B3005EEFCF /* MainController.swift in Sources */,
				132846B5266740AF0064DC8E /* CardListService.swift in Sources */,
				1328469E266736EC0064DC8E /* ClientApiRest.swift in Sources */,
				13756D20266718B3005EEFCF /* AppDelegate.swift in Sources */,
				137325192668864200667062 /* DetailController.swift in Sources */,
				13732509266874AE00667062 /* CardCell.swift in Sources */,
				132846AE26673E5C0064DC8E /* StringResource.swift in Sources */,
				134733EF26672CCF00290B88 /* ItemListController.swift in Sources */,
				132846B8266745010064DC8E /* JsonUtil.swift in Sources */,
			);
			runOnlyForDeploymentPostprocessing = 0;
		};
/* End PBXSourcesBuildPhase section */

/* Begin PBXVariantGroup section */
		13756D25266718B3005EEFCF /* Main.storyboard */ = {
			isa = PBXVariantGroup;
			children = (
				13756D26266718B3005EEFCF /* Base */,
			);
			name = Main.storyboard;
			sourceTree = "<group>";
		};
		13756D2A266718B5005EEFCF /* LaunchScreen.storyboard */ = {
			isa = PBXVariantGroup;
			children = (
				13756D2B266718B5005EEFCF /* Base */,
			);
			name = LaunchScreen.storyboard;
			sourceTree = "<group>";
		};
/* End PBXVariantGroup section */

/* Begin XCBuildConfiguration section */
		13756D2E266718B5005EEFCF /* Debug */ = {
			isa = XCBuildConfiguration;
			buildSettings = {
				ALWAYS_SEARCH_USER_PATHS = NO;
				CLANG_ANALYZER_NONNULL = YES;
				CLANG_ANALYZER_NUMBER_OBJECT_CONVERSION = YES_AGGRESSIVE;
				CLANG_CXX_LANGUAGE_STANDARD = "gnu++14";
				CLANG_CXX_LIBRARY = "libc++";
				CLANG_ENABLE_MODULES = YES;
				CLANG_ENABLE_OBJC_ARC = YES;
				CLANG_ENABLE_OBJC_WEAK = YES;
				CLANG_WARN_BLOCK_CAPTURE_AUTORELEASING = YES;
				CLANG_WARN_BOOL_CONVERSION = YES;
				CLANG_WARN_COMMA = YES;
				CLANG_WARN_CONSTANT_CONVERSION = YES;
				CLANG_WARN_DEPRECATED_OBJC_IMPLEMENTATIONS = YES;
				CLANG_WARN_DIRECT_OBJC_ISA_USAGE = YES_ERROR;
				CLANG_WARN_DOCUMENTATION_COMMENTS = YES;
				CLANG_WARN_EMPTY_BODY = YES;
				CLANG_WARN_ENUM_CONVERSION = YES;
				CLANG_WARN_INFINITE_RECURSION = YES;
				CLANG_WARN_INT_CONVERSION = YES;
				CLANG_WARN_NON_LITERAL_NULL_CONVERSION = YES;
				CLANG_WARN_OBJC_IMPLICIT_RETAIN_SELF = YES;
				CLANG_WARN_OBJC_LITERAL_CONVERSION = YES;
				CLANG_WARN_OBJC_ROOT_CLASS = YES_ERROR;
				CLANG_WARN_QUOTED_INCLUDE_IN_FRAMEWORK_HEADER = YES;
				CLANG_WARN_RANGE_LOOP_ANALYSIS = YES;
				CLANG_WARN_STRICT_PROTOTYPES = YES;
				CLANG_WARN_SUSPICIOUS_MOVE = YES;
				CLANG_WARN_UNGUARDED_AVAILABILITY = YES_AGGRESSIVE;
				CLANG_WARN_UNREACHABLE_CODE = YES;
				CLANG_WARN__DUPLICATE_METHOD_MATCH = YES;
				COPY_PHASE_STRIP = NO;
				DEBUG_INFORMATION_FORMAT = dwarf;
				ENABLE_STRICT_OBJC_MSGSEND = YES;
				ENABLE_TESTABILITY = YES;
				GCC_C_LANGUAGE_STANDARD = gnu11;
				GCC_DYNAMIC_NO_PIC = NO;
				GCC_NO_COMMON_BLOCKS = YES;
				GCC_OPTIMIZATION_LEVEL = 0;
				GCC_PREPROCESSOR_DEFINITIONS = (
					"DEBUG=1",
					"$(inherited)",
				);
				GCC_WARN_64_TO_32_BIT_CONVERSION = YES;
				GCC_WARN_ABOUT_RETURN_TYPE = YES_ERROR;
				GCC_WARN_UNDECLARED_SELECTOR = YES;
				GCC_WARN_UNINITIALIZED_AUTOS = YES_AGGRESSIVE;
				GCC_WARN_UNUSED_FUNCTION = YES;
				GCC_WARN_UNUSED_VARIABLE = YES;
				IPHONEOS_DEPLOYMENT_TARGET = 14.4;
				MTL_ENABLE_DEBUG_INFO = INCLUDE_SOURCE;
				MTL_FAST_MATH = YES;
				ONLY_ACTIVE_ARCH = YES;
				SDKROOT = iphoneos;
				SWIFT_ACTIVE_COMPILATION_CONDITIONS = DEBUG;
				SWIFT_OPTIMIZATION_LEVEL = "-Onone";
			};
			name = Debug;
		};
		13756D2F266718B5005EEFCF /* Release */ = {
			isa = XCBuildConfiguration;
			buildSettings = {
				ALWAYS_SEARCH_USER_PATHS = NO;
				CLANG_ANALYZER_NONNULL = YES;
				CLANG_ANALYZER_NUMBER_OBJECT_CONVERSION = YES_AGGRESSIVE;
				CLANG_CXX_LANGUAGE_STANDARD = "gnu++14";
				CLANG_CXX_LIBRARY = "libc++";
				CLANG_ENABLE_MODULES = YES;
				CLANG_ENABLE_OBJC_ARC = YES;
				CLANG_ENABLE_OBJC_WEAK = YES;
				CLANG_WARN_BLOCK_CAPTURE_AUTORELEASING = YES;
				CLANG_WARN_BOOL_CONVERSION = YES;
				CLANG_WARN_COMMA = YES;
				CLANG_WARN_CONSTANT_CONVERSION = YES;
				CLANG_WARN_DEPRECATED_OBJC_IMPLEMENTATIONS = YES;
				CLANG_WARN_DIRECT_OBJC_ISA_USAGE = YES_ERROR;
				CLANG_WARN_DOCUMENTATION_COMMENTS = YES;
				CLANG_WARN_EMPTY_BODY = YES;
				CLANG_WARN_ENUM_CONVERSION = YES;
				CLANG_WARN_INFINITE_RECURSION = YES;
				CLANG_WARN_INT_CONVERSION = YES;
				CLANG_WARN_NON_LITERAL_NULL_CONVERSION = YES;
				CLANG_WARN_OBJC_IMPLICIT_RETAIN_SELF = YES;
				CLANG_WARN_OBJC_LITERAL_CONVERSION = YES;
				CLANG_WARN_OBJC_ROOT_CLASS = YES_ERROR;
				CLANG_WARN_QUOTED_INCLUDE_IN_FRAMEWORK_HEADER = YES;
				CLANG_WARN_RANGE_LOOP_ANALYSIS = YES;
				CLANG_WARN_STRICT_PROTOTYPES = YES;
				CLANG_WARN_SUSPICIOUS_MOVE = YES;
				CLANG_WARN_UNGUARDED_AVAILABILITY = YES_AGGRESSIVE;
				CLANG_WARN_UNREACHABLE_CODE = YES;
				CLANG_WARN__DUPLICATE_METHOD_MATCH = YES;
				COPY_PHASE_STRIP = NO;
				DEBUG_INFORMATION_FORMAT = "dwarf-with-dsym";
				ENABLE_NS_ASSERTIONS = NO;
				ENABLE_STRICT_OBJC_MSGSEND = YES;
				GCC_C_LANGUAGE_STANDARD = gnu11;
				GCC_NO_COMMON_BLOCKS = YES;
				GCC_WARN_64_TO_32_BIT_CONVERSION = YES;
				GCC_WARN_ABOUT_RETURN_TYPE = YES_ERROR;
				GCC_WARN_UNDECLARED_SELECTOR = YES;
				GCC_WARN_UNINITIALIZED_AUTOS = YES_AGGRESSIVE;
				GCC_WARN_UNUSED_FUNCTION = YES;
				GCC_WARN_UNUSED_VARIABLE = YES;
				IPHONEOS_DEPLOYMENT_TARGET = 14.4;
				MTL_ENABLE_DEBUG_INFO = NO;
				MTL_FAST_MATH = YES;
				SDKROOT = iphoneos;
				SWIFT_COMPILATION_MODE = wholemodule;
				SWIFT_OPTIMIZATION_LEVEL = "-O";
				VALIDATE_PRODUCT = YES;
			};
			name = Release;
		};
		13756D31266718B5005EEFCF /* Debug */ = {
			isa = XCBuildConfiguration;
			baseConfigurationReference = BA11FC3E8A7AE219D4FCB4E0 /* Pods-pruebaHiberus.debug.xcconfig */;
			buildSettings = {
				ASSETCATALOG_COMPILER_APPICON_NAME = AppIcon;
				ASSETCATALOG_COMPILER_GLOBAL_ACCENT_COLOR_NAME = AccentColor;
				CODE_SIGN_STYLE = Automatic;
				DEVELOPMENT_TEAM = C38TQ89HZS;
				INFOPLIST_FILE = pruebaHiberus/Info.plist;
				IPHONEOS_DEPLOYMENT_TARGET = 11.0;
				LD_RUNPATH_SEARCH_PATHS = (
					"$(inherited)",
					"@executable_path/Frameworks",
				);
				PRODUCT_BUNDLE_IDENTIFIER = com.kruger.pruebaHiberus;
				PRODUCT_NAME = "$(TARGET_NAME)";
				SWIFT_VERSION = 5.0;
				TARGETED_DEVICE_FAMILY = 1;
			};
			name = Debug;
		};
		13756D32266718B5005EEFCF /* Release */ = {
			isa = XCBuildConfiguration;
			baseConfigurationReference = 034819CBECFEE8E389655C6C /* Pods-pruebaHiberus.release.xcconfig */;
			buildSettings = {
				ASSETCATALOG_COMPILER_APPICON_NAME = AppIcon;
				ASSETCATALOG_COMPILER_GLOBAL_ACCENT_COLOR_NAME = AccentColor;
				CODE_SIGN_STYLE = Automatic;
				DEVELOPMENT_TEAM = C38TQ89HZS;
				INFOPLIST_FILE = pruebaHiberus/Info.plist;
				IPHONEOS_DEPLOYMENT_TARGET = 11.0;
				LD_RUNPATH_SEARCH_PATHS = (
					"$(inherited)",
					"@executable_path/Frameworks",
				);
				PRODUCT_BUNDLE_IDENTIFIER = com.kruger.pruebaHiberus;
				PRODUCT_NAME = "$(TARGET_NAME)";
				SWIFT_VERSION = 5.0;
				TARGETED_DEVICE_FAMILY = 1;
			};
			name = Release;
		};
/* End XCBuildConfiguration section */

/* Begin XCConfigurationList section */
		13756D17266718B3005EEFCF /* Build configuration list for PBXProject "pruebaHiberus" */ = {
			isa = XCConfigurationList;
			buildConfigurations = (
				13756D2E266718B5005EEFCF /* Debug */,
				13756D2F266718B5005EEFCF /* Release */,
			);
			defaultConfigurationIsVisible = 0;
			defaultConfigurationName = Release;
		};
		13756D30266718B5005EEFCF /* Build configuration list for PBXNativeTarget "pruebaHiberus" */ = {
			isa = XCConfigurationList;
			buildConfigurations = (
				13756D31266718B5005EEFCF /* Debug */,
				13756D32266718B5005EEFCF /* Release */,
			);
			defaultConfigurationIsVisible = 0;
			defaultConfigurationName = Release;
		};
/* End XCConfigurationList section */
	};
	rootObject = 13756D14266718B3005EEFCF /* Project object */;
}
